// !$*UTF8*$!
{
	archiveVersion = 1;
	classes = {
	};
	objectVersion = 50;
	objects = {

/* Begin PBXBuildFile section */
		AD0CDB092527D93E00FAD1BE /* MatchedGeometryEffectApp.swift in Sources */ = {isa = PBXBuildFile; fileRef = AD0CDB082527D93E00FAD1BE /* MatchedGeometryEffectApp.swift */; };
		AD0CDB0B2527D93E00FAD1BE /* Home.swift in Sources */ = {isa = PBXBuildFile; fileRef = AD0CDB0A2527D93E00FAD1BE /* Home.swift */; };
		AD0CDB0D2527D94100FAD1BE /* Assets.xcassets in Resources */ = {isa = PBXBuildFile; fileRef = AD0CDB0C2527D94100FAD1BE /* Assets.xcassets */; };
		AD0CDB102527D94100FAD1BE /* Preview Assets.xcassets in Resources */ = {isa = PBXBuildFile; fileRef = AD0CDB0F2527D94100FAD1BE /* Preview Assets.xcassets */; };
		AD0CDB1A2527DADC00FAD1BE /* GrowingCircleWithoutGeometry.swift in Sources */ = {isa = PBXBuildFile; fileRef = AD0CDB192527DADC00FAD1BE /* GrowingCircleWithoutGeometry.swift */; };
		AD0CDB202527DEA900FAD1BE /* GrowingCircleWithGeometry.swift in Sources */ = {isa = PBXBuildFile; fileRef = AD0CDB1F2527DEA900FAD1BE /* GrowingCircleWithGeometry.swift */; };
		AD0CDB242527E0C000FAD1BE /* CircleRectangleMorph.swift in Sources */ = {isa = PBXBuildFile; fileRef = AD0CDB232527E0C000FAD1BE /* CircleRectangleMorph.swift */; };
		AD0CDB282527E35E00FAD1BE /* CircleFullScreenMorph.swift in Sources */ = {isa = PBXBuildFile; fileRef = AD0CDB272527E35E00FAD1BE /* CircleFullScreenMorph.swift */; };
		ADF9910D252BD83B003EB75F /* SwappingDots.swift in Sources */ = {isa = PBXBuildFile; fileRef = ADF9910C252BD83B003EB75F /* SwappingDots.swift */; };
		ADF99110252BDE87003EB75F /* SwappingImages.swift in Sources */ = {isa = PBXBuildFile; fileRef = ADF9910F252BDE87003EB75F /* SwappingImages.swift */; };
/* End PBXBuildFile section */

/* Begin PBXFileReference section */
		AD0CDB052527D93E00FAD1BE /* MatchedGeometryEffect.app */ = {isa = PBXFileReference; explicitFileType = wrapper.application; includeInIndex = 0; path = MatchedGeometryEffect.app; sourceTree = BUILT_PRODUCTS_DIR; };
		AD0CDB082527D93E00FAD1BE /* MatchedGeometryEffectApp.swift */ = {isa = PBXFileReference; lastKnownFileType = sourcecode.swift; path = MatchedGeometryEffectApp.swift; sourceTree = "<group>"; };
		AD0CDB0A2527D93E00FAD1BE /* Home.swift */ = {isa = PBXFileReference; lastKnownFileType = sourcecode.swift; path = Home.swift; sourceTree = "<group>"; };
		AD0CDB0C2527D94100FAD1BE /* Assets.xcassets */ = {isa = PBXFileReference; lastKnownFileType = folder.assetcatalog; path = Assets.xcassets; sourceTree = "<group>"; };
		AD0CDB0F2527D94100FAD1BE /* Preview Assets.xcassets */ = {isa = PBXFileReference; lastKnownFileType = folder.assetcatalog; path = "Preview Assets.xcassets"; sourceTree = "<group>"; };
		AD0CDB112527D94100FAD1BE /* Info.plist */ = {isa = PBXFileReference; lastKnownFileType = text.plist.xml; path = Info.plist; sourceTree = "<group>"; };
		AD0CDB192527DADC00FAD1BE /* GrowingCircleWithoutGeometry.swift */ = {isa = PBXFileReference; lastKnownFileType = sourcecode.swift; path = GrowingCircleWithoutGeometry.swift; sourceTree = "<group>"; };
		AD0CDB1F2527DEA900FAD1BE /* GrowingCircleWithGeometry.swift */ = {isa = PBXFileReference; lastKnownFileType = sourcecode.swift; path = GrowingCircleWithGeometry.swift; sourceTree = "<group>"; };
		AD0CDB232527E0C000FAD1BE /* CircleRectangleMorph.swift */ = {isa = PBXFileReference; lastKnownFileType = sourcecode.swift; path = CircleRectangleMorph.swift; sourceTree = "<group>"; };
		AD0CDB272527E35E00FAD1BE /* CircleFullScreenMorph.swift */ = {isa = PBXFileReference; lastKnownFileType = sourcecode.swift; path = CircleFullScreenMorph.swift; sourceTree = "<group>"; };
		ADF9910C252BD83B003EB75F /* SwappingDots.swift */ = {isa = PBXFileReference; lastKnownFileType = sourcecode.swift; path = SwappingDots.swift; sourceTree = "<group>"; };
		ADF9910F252BDE87003EB75F /* SwappingImages.swift */ = {isa = PBXFileReference; lastKnownFileType = sourcecode.swift; path = SwappingImages.swift; sourceTree = "<group>"; };
/* End PBXFileReference section */

/* Begin PBXFrameworksBuildPhase section */
		AD0CDB022527D93E00FAD1BE /* Frameworks */ = {
			isa = PBXFrameworksBuildPhase;
			buildActionMask = 2147483647;
			files = (
			);
			runOnlyForDeploymentPostprocessing = 0;
		};
/* End PBXFrameworksBuildPhase section */

/* Begin PBXGroup section */
		AD0CDAFC2527D93E00FAD1BE = {
			isa = PBXGroup;
			children = (
				AD0CDB072527D93E00FAD1BE /* MatchedGeometryEffect */,
				AD0CDB062527D93E00FAD1BE /* Products */,
			);
			sourceTree = "<group>";
		};
		AD0CDB062527D93E00FAD1BE /* Products */ = {
			isa = PBXGroup;
			children = (
				AD0CDB052527D93E00FAD1BE /* MatchedGeometryEffect.app */,
			);
			name = Products;
			sourceTree = "<group>";
		};
		AD0CDB072527D93E00FAD1BE /* MatchedGeometryEffect */ = {
			isa = PBXGroup;
			children = (
				AD0CDB082527D93E00FAD1BE /* MatchedGeometryEffectApp.swift */,
				AD0CDB0A2527D93E00FAD1BE /* Home.swift */,
				AD0CDB0C2527D94100FAD1BE /* Assets.xcassets */,
				AD0CDB112527D94100FAD1BE /* Info.plist */,
				AD0CDB0E2527D94100FAD1BE /* Preview Content */,
				AD0CDB1C2527DAF100FAD1BE /* Screens */,
			);
			path = MatchedGeometryEffect;
			sourceTree = "<group>";
		};
		AD0CDB0E2527D94100FAD1BE /* Preview Content */ = {
			isa = PBXGroup;
			children = (
				AD0CDB0F2527D94100FAD1BE /* Preview Assets.xcassets */,
			);
			path = "Preview Content";
			sourceTree = "<group>";
		};
		AD0CDB1C2527DAF100FAD1BE /* Screens */ = {
			isa = PBXGroup;
			children = (
				AD0CDB272527E35E00FAD1BE /* CircleFullScreenMorph.swift */,
				AD0CDB232527E0C000FAD1BE /* CircleRectangleMorph.swift */,
				AD0CDB1F2527DEA900FAD1BE /* GrowingCircleWithGeometry.swift */,
				AD0CDB192527DADC00FAD1BE /* GrowingCircleWithoutGeometry.swift */,
				ADF9910C252BD83B003EB75F /* SwappingDots.swift */,
				ADF9910F252BDE87003EB75F /* SwappingImages.swift */,
			);
			path = Screens;
			sourceTree = "<group>";
		};
/* End PBXGroup section */

/* Begin PBXNativeTarget section */
		AD0CDB042527D93E00FAD1BE /* MatchedGeometryEffect */ = {
			isa = PBXNativeTarget;
			buildConfigurationList = AD0CDB142527D94100FAD1BE /* Build configuration list for PBXNativeTarget "MatchedGeometryEffect" */;
			buildPhases = (
				AD0CDB012527D93E00FAD1BE /* Sources */,
				AD0CDB022527D93E00FAD1BE /* Frameworks */,
				AD0CDB032527D93E00FAD1BE /* Resources */,
			);
			buildRules = (
			);
			dependencies = (
			);
			name = MatchedGeometryEffect;
			productName = MatchedGeometryEffect;
			productReference = AD0CDB052527D93E00FAD1BE /* MatchedGeometryEffect.app */;
			productType = "com.apple.product-type.application";
		};
/* End PBXNativeTarget section */

/* Begin PBXProject section */
		AD0CDAFD2527D93E00FAD1BE /* Project object */ = {
			isa = PBXProject;
			attributes = {
				LastSwiftUpdateCheck = 1200;
				LastUpgradeCheck = 1200;
				TargetAttributes = {
					AD0CDB042527D93E00FAD1BE = {
						CreatedOnToolsVersion = 12.0.1;
					};
				};
			};
			buildConfigurationList = AD0CDB002527D93E00FAD1BE /* Build configuration list for PBXProject "MatchedGeometryEffect" */;
			compatibilityVersion = "Xcode 9.3";
			developmentRegion = en;
			hasScannedForEncodings = 0;
			knownRegions = (
				en,
				Base,
			);
			mainGroup = AD0CDAFC2527D93E00FAD1BE;
			productRefGroup = AD0CDB062527D93E00FAD1BE /* Products */;
			projectDirPath = "";
			projectRoot = "";
			targets = (
				AD0CDB042527D93E00FAD1BE /* MatchedGeometryEffect */,
			);
		};
/* End PBXProject section */

/* Begin PBXResourcesBuildPhase section */
		AD0CDB032527D93E00FAD1BE /* Resources */ = {
			isa = PBXResourcesBuildPhase;
			buildActionMask = 2147483647;
			files = (
				AD0CDB102527D94100FAD1BE /* Preview Assets.xcassets in Resources */,
				AD0CDB0D2527D94100FAD1BE /* Assets.xcassets in Resources */,
			);
			runOnlyForDeploymentPostprocessing = 0;
		};
/* End PBXResourcesBuildPhase section */

/* Begin PBXSourcesBuildPhase section */
		AD0CDB012527D93E00FAD1BE /* Sources */ = {
			isa = PBXSourcesBuildPhase;
			buildActionMask = 2147483647;
			files = (
				ADF9910D252BD83B003EB75F /* SwappingDots.swift in Sources */,
				AD0CDB1A2527DADC00FAD1BE /* GrowingCircleWithoutGeometry.swift in Sources */,
				AD0CDB282527E35E00FAD1BE /* CircleFullScreenMorph.swift in Sources */,
				AD0CDB242527E0C000FAD1BE /* CircleRectangleMorph.swift in Sources */,
				AD0CDB202527DEA900FAD1BE /* GrowingCircleWithGeometry.swift in Sources */,
				AD0CDB0B2527D93E00FAD1BE /* Home.swift in Sources */,
				ADF99110252BDE87003EB75F /* SwappingImages.swift in Sources */,
				AD0CDB092527D93E00FAD1BE /* MatchedGeometryEffectApp.swift in Sources */,
			);
			runOnlyForDeploymentPostprocessing = 0;
		};
/* End PBXSourcesBuildPhase section */

/* Begin XCBuildConfiguration section */
		AD0CDB122527D94100FAD1BE /* Debug */ = {
			isa = XCBuildConfiguration;
			buildSettings = {
				ALWAYS_SEARCH_USER_PATHS = NO;
				CLANG_ANALYZER_NONNULL = YES;
				CLANG_ANALYZER_NUMBER_OBJECT_CONVERSION = YES_AGGRESSIVE;
				CLANG_CXX_LANGUAGE_STANDARD = "gnu++14";
				CLANG_CXX_LIBRARY = "libc++";
				CLANG_ENABLE_MODULES = YES;
				CLANG_ENABLE_OBJC_ARC = YES;
				CLANG_ENABLE_OBJC_WEAK = YES;
				CLANG_WARN_BLOCK_CAPTURE_AUTORELEASING = YES;
				CLANG_WARN_BOOL_CONVERSION = YES;
				CLANG_WARN_COMMA = YES;
				CLANG_WARN_CONSTANT_CONVERSION = YES;
				CLANG_WARN_DEPRECATED_OBJC_IMPLEMENTATIONS = YES;
				CLANG_WARN_DIRECT_OBJC_ISA_USAGE = YES_ERROR;
				CLANG_WARN_DOCUMENTATION_COMMENTS = YES;
				CLANG_WARN_EMPTY_BODY = YES;
				CLANG_WARN_ENUM_CONVERSION = YES;
				CLANG_WARN_INFINITE_RECURSION = YES;
				CLANG_WARN_INT_CONVERSION = YES;
				CLANG_WARN_NON_LITERAL_NULL_CONVERSION = YES;
				CLANG_WARN_OBJC_IMPLICIT_RETAIN_SELF = YES;
				CLANG_WARN_OBJC_LITERAL_CONVERSION = YES;
				CLANG_WARN_OBJC_ROOT_CLASS = YES_ERROR;
				CLANG_WARN_QUOTED_INCLUDE_IN_FRAMEWORK_HEADER = YES;
				CLANG_WARN_RANGE_LOOP_ANALYSIS = YES;
				CLANG_WARN_STRICT_PROTOTYPES = YES;
				CLANG_WARN_SUSPICIOUS_MOVE = YES;
				CLANG_WARN_UNGUARDED_AVAILABILITY = YES_AGGRESSIVE;
				CLANG_WARN_UNREACHABLE_CODE = YES;
				CLANG_WARN__DUPLICATE_METHOD_MATCH = YES;
				COPY_PHASE_STRIP = NO;
				DEBUG_INFORMATION_FORMAT = dwarf;
				ENABLE_STRICT_OBJC_MSGSEND = YES;
				ENABLE_TESTABILITY = YES;
				GCC_C_LANGUAGE_STANDARD = gnu11;
				GCC_DYNAMIC_NO_PIC = NO;
				GCC_NO_COMMON_BLOCKS = YES;
				GCC_OPTIMIZATION_LEVEL = 0;
				GCC_PREPROCESSOR_DEFINITIONS = (
					"DEBUG=1",
					"$(inherited)",
				);
				GCC_WARN_64_TO_32_BIT_CONVERSION = YES;
				GCC_WARN_ABOUT_RETURN_TYPE = YES_ERROR;
				GCC_WARN_UNDECLARED_SELECTOR = YES;
				GCC_WARN_UNINITIALIZED_AUTOS = YES_AGGRESSIVE;
				GCC_WARN_UNUSED_FUNCTION = YES;
				GCC_WARN_UNUSED_VARIABLE = YES;
				IPHONEOS_DEPLOYMENT_TARGET = 14.0;
				MTL_ENABLE_DEBUG_INFO = INCLUDE_SOURCE;
				MTL_FAST_MATH = YES;
				ONLY_ACTIVE_ARCH = YES;
				SDKROOT = iphoneos;
				SWIFT_ACTIVE_COMPILATION_CONDITIONS = DEBUG;
				SWIFT_OPTIMIZATION_LEVEL = "-Onone";
			};
			name = Debug;
		};
		AD0CDB132527D94100FAD1BE /* Release */ = {
			isa = XCBuildConfiguration;
			buildSettings = {
				ALWAYS_SEARCH_USER_PATHS = NO;
				CLANG_ANALYZER_NONNULL = YES;
				CLANG_ANALYZER_NUMBER_OBJECT_CONVERSION = YES_AGGRESSIVE;
				CLANG_CXX_LANGUAGE_STANDARD = "gnu++14";
				CLANG_CXX_LIBRARY = "libc++";
				CLANG_ENABLE_MODULES = YES;
				CLANG_ENABLE_OBJC_ARC = YES;
				CLANG_ENABLE_OBJC_WEAK = YES;
				CLANG_WARN_BLOCK_CAPTURE_AUTORELEASING = YES;
				CLANG_WARN_BOOL_CONVERSION = YES;
				CLANG_WARN_COMMA = YES;
				CLANG_WARN_CONSTANT_CONVERSION = YES;
				CLANG_WARN_DEPRECATED_OBJC_IMPLEMENTATIONS = YES;
				CLANG_WARN_DIRECT_OBJC_ISA_USAGE = YES_ERROR;
				CLANG_WARN_DOCUMENTATION_COMMENTS = YES;
				CLANG_WARN_EMPTY_BODY = YES;
				CLANG_WARN_ENUM_CONVERSION = YES;
				CLANG_WARN_INFINITE_RECURSION = YES;
				CLANG_WARN_INT_CONVERSION = YES;
				CLANG_WARN_NON_LITERAL_NULL_CONVERSION = YES;
				CLANG_WARN_OBJC_IMPLICIT_RETAIN_SELF = YES;
				CLANG_WARN_OBJC_LITERAL_CONVERSION = YES;
				CLANG_WARN_OBJC_ROOT_CLASS = YES_ERROR;
				CLANG_WARN_QUOTED_INCLUDE_IN_FRAMEWORK_HEADER = YES;
				CLANG_WARN_RANGE_LOOP_ANALYSIS = YES;
				CLANG_WARN_STRICT_PROTOTYPES = YES;
				CLANG_WARN_SUSPICIOUS_MOVE = YES;
				CLANG_WARN_UNGUARDED_AVAILABILITY = YES_AGGRESSIVE;
				CLANG_WARN_UNREACHABLE_CODE = YES;
				CLANG_WARN__DUPLICATE_METHOD_MATCH = YES;
				COPY_PHASE_STRIP = NO;
				DEBUG_INFORMATION_FORMAT = "dwarf-with-dsym";
				ENABLE_NS_ASSERTIONS = NO;
				ENABLE_STRICT_OBJC_MSGSEND = YES;
				GCC_C_LANGUAGE_STANDARD = gnu11;
				GCC_NO_COMMON_BLOCKS = YES;
				GCC_WARN_64_TO_32_BIT_CONVERSION = YES;
				GCC_WARN_ABOUT_RETURN_TYPE = YES_ERROR;
				GCC_WARN_UNDECLARED_SELECTOR = YES;
				GCC_WARN_UNINITIALIZED_AUTOS = YES_AGGRESSIVE;
				GCC_WARN_UNUSED_FUNCTION = YES;
				GCC_WARN_UNUSED_VARIABLE = YES;
				IPHONEOS_DEPLOYMENT_TARGET = 14.0;
				MTL_ENABLE_DEBUG_INFO = NO;
				MTL_FAST_MATH = YES;
				SDKROOT = iphoneos;
				SWIFT_COMPILATION_MODE = wholemodule;
				SWIFT_OPTIMIZATION_LEVEL = "-O";
				VALIDATE_PRODUCT = YES;
			};
			name = Release;
		};
		AD0CDB152527D94100FAD1BE /* Debug */ = {
			isa = XCBuildConfiguration;
			buildSettings = {
				ASSETCATALOG_COMPILER_APPICON_NAME = AppIcon;
				ASSETCATALOG_COMPILER_GLOBAL_ACCENT_COLOR_NAME = AccentColor;
				CODE_SIGN_STYLE = Automatic;
				DEVELOPMENT_ASSET_PATHS = "\"MatchedGeometryEffect/Preview Content\"";
				DEVELOPMENT_TEAM = DM2QU65A9X;
				ENABLE_PREVIEWS = YES;
				INFOPLIST_FILE = MatchedGeometryEffect/Info.plist;
				IPHONEOS_DEPLOYMENT_TARGET = 14.0;
				LD_RUNPATH_SEARCH_PATHS = (
					"$(inherited)",
					"@executable_path/Frameworks",
				);
				PRODUCT_BUNDLE_IDENTIFIER = one.dns45.MatchedGeometryEffect;
				PRODUCT_NAME = "$(TARGET_NAME)";
				SWIFT_VERSION = 5.0;
				TARGETED_DEVICE_FAMILY = "1,2";
			};
			name = Debug;
		};
		AD0CDB162527D94100FAD1BE /* Release */ = {
			isa = XCBuildConfiguration;
			buildSettings = {
				ASSETCATALOG_COMPILER_APPICON_NAME = AppIcon;
				ASSETCATALOG_COMPILER_GLOBAL_ACCENT_COLOR_NAME = AccentColor;
				CODE_SIGN_STYLE = Automatic;
				DEVELOPMENT_ASSET_PATHS = "\"MatchedGeometryEffect/Preview Content\"";
				DEVELOPMENT_TEAM = DM2QU65A9X;
				ENABLE_PREVIEWS = YES;
				INFOPLIST_FILE = MatchedGeometryEffect/Info.plist;
				IPHONEOS_DEPLOYMENT_TARGET = 14.0;
				LD_RUNPATH_SEARCH_PATHS = (
					"$(inherited)",
					"@executable_path/Frameworks",
				);
				PRODUCT_BUNDLE_IDENTIFIER = one.dns45.MatchedGeometryEffect;
				PRODUCT_NAME = "$(TARGET_NAME)";
				SWIFT_VERSION = 5.0;
				TARGETED_DEVICE_FAMILY = "1,2";
			};
			name = Release;
		};
/* End XCBuildConfiguration section */

/* Begin XCConfigurationList section */
		AD0CDB002527D93E00FAD1BE /* Build configuration list for PBXProject "MatchedGeometryEffect" */ = {
			isa = XCConfigurationList;
			buildConfigurations = (
				AD0CDB122527D94100FAD1BE /* Debug */,
				AD0CDB132527D94100FAD1BE /* Release */,
			);
			defaultConfigurationIsVisible = 0;
			defaultConfigurationName = Release;
		};
		AD0CDB142527D94100FAD1BE /* Build configuration list for PBXNativeTarget "MatchedGeometryEffect" */ = {
			isa = XCConfigurationList;
			buildConfigurations = (
				AD0CDB152527D94100FAD1BE /* Debug */,
				AD0CDB162527D94100FAD1BE /* Release */,
			);
			defaultConfigurationIsVisible = 0;
			defaultConfigurationName = Release;
		};
/* End XCConfigurationList section */
	};
	rootObject = AD0CDAFD2527D93E00FAD1BE /* Project object */;
}
